
Microsoft Visual Studio Solution File, Format Version 12.00
# Visual Studio Version 17
VisualStudioVersion = 17.13.35931.197 d17.13
MinimumVisualStudioVersion = 10.0.40219.1
Project("{FAE04EC0-301F-11D3-BF4B-00C04F79EFBC}") = "Text RPG", "Text RPG.csproj", "{5AAD32FB-05B7-4342-B945-4AEFF538B3F5}"
EndProject
Global
	GlobalSection(SolutionConfigurationPlatforms) = preSolution
		Debug|Any CPU = Debug|Any CPU
		Release|Any CPU = Release|Any CPU
	EndGlobalSection
	GlobalSection(ProjectConfigurationPlatforms) = postSolution
		{5AAD32FB-05B7-4342-B945-4AEFF538B3F5}.Debug|Any CPU.ActiveCfg = Debug|Any CPU
		{5AAD32FB-05B7-4342-B945-4AEFF538B3F5}.Debug|Any CPU.Build.0 = Debug|Any CPU
		{5AAD32FB-05B7-4342-B945-4AEFF538B3F5}.Release|Any CPU.ActiveCfg = Release|Any CPU
		{5AAD32FB-05B7-4342-B945-4AEFF538B3F5}.Release|Any CPU.Build.0 = Release|Any CPU
	EndGlobalSection
	GlobalSection(SolutionProperties) = preSolution
		HideSolutionNode = FALSE
	EndGlobalSection
	GlobalSection(ExtensibilityGlobals) = postSolution
		SolutionGuid = {28E88344-5F5D-4889-AB89-8752B288140D}
	EndGlobalSection
EndGlobal
